// !$*UTF8*$!
{
	archiveVersion = 1;
	classes = {
	};
	objectVersion = 56;
	objects = {

/* Begin PBXBuildFile section */
		A97E35F42AE46EB400F25744 /* voice.swift in Sources */ = {isa = PBXBuildFile; fileRef = A97E35F32AE46EB400F25744 /* voice.swift */; };
		A990F09E2AC9DE5C00909EBA /* japanesekonbinisimApp.swift in Sources */ = {isa = PBXBuildFile; fileRef = A990F09D2AC9DE5C00909EBA /* japanesekonbinisimApp.swift */; };
		A990F0A02AC9DE5C00909EBA /* ContentView.swift in Sources */ = {isa = PBXBuildFile; fileRef = A990F09F2AC9DE5C00909EBA /* ContentView.swift */; };
		A990F0A22AC9DE5E00909EBA /* Assets.xcassets in Resources */ = {isa = PBXBuildFile; fileRef = A990F0A12AC9DE5E00909EBA /* Assets.xcassets */; };
		A990F0A52AC9DE5E00909EBA /* Preview Assets.xcassets in Resources */ = {isa = PBXBuildFile; fileRef = A990F0A42AC9DE5E00909EBA /* Preview Assets.xcassets */; };
		A990F0C82AD1F8AA00909EBA /* prompts.swift in Sources */ = {isa = PBXBuildFile; fileRef = A990F0C72AD1F8AA00909EBA /* prompts.swift */; };
		A990F0D52ADB288800909EBA /* SimResult.swift in Sources */ = {isa = PBXBuildFile; fileRef = A990F0CF2AD2231600909EBA /* SimResult.swift */; };
		A990F0D72ADB28F800909EBA /* SimResultsView.swift in Sources */ = {isa = PBXBuildFile; fileRef = A990F0D62ADB28F800909EBA /* SimResultsView.swift */; };
		A9BBBE1C2ADB4DD4001C0641 /* PreviewSimResults.swift in Sources */ = {isa = PBXBuildFile; fileRef = A9BBBE1B2ADB4DD4001C0641 /* PreviewSimResults.swift */; };
		A9BBBE1E2ADC4E1C001C0641 /* DisplayResultView.swift in Sources */ = {isa = PBXBuildFile; fileRef = A9BBBE1D2ADC4E1C001C0641 /* DisplayResultView.swift */; };
		A9BBBE202ADC6AC4001C0641 /* GameView.swift in Sources */ = {isa = PBXBuildFile; fileRef = A9BBBE1F2ADC6AC4001C0641 /* GameView.swift */; };
/* End PBXBuildFile section */

/* Begin PBXContainerItemProxy section */
		A990F0AB2AC9DE5E00909EBA /* PBXContainerItemProxy */ = {
			isa = PBXContainerItemProxy;
			containerPortal = A990F0922AC9DE5C00909EBA /* Project object */;
			proxyType = 1;
			remoteGlobalIDString = A990F0992AC9DE5C00909EBA;
			remoteInfo = japanesekonbinisim;
		};
		A990F0B52AC9DE5E00909EBA /* PBXContainerItemProxy */ = {
			isa = PBXContainerItemProxy;
			containerPortal = A990F0922AC9DE5C00909EBA /* Project object */;
			proxyType = 1;
			remoteGlobalIDString = A990F0992AC9DE5C00909EBA;
			remoteInfo = japanesekonbinisim;
		};
/* End PBXContainerItemProxy section */

/* Begin PBXFileReference section */
		A97E35F32AE46EB400F25744 /* voice.swift */ = {isa = PBXFileReference; lastKnownFileType = sourcecode.swift; path = voice.swift; sourceTree = "<group>"; };
		A990F09A2AC9DE5C00909EBA /* japanesekonbinisim.app */ = {isa = PBXFileReference; explicitFileType = wrapper.application; includeInIndex = 0; path = japanesekonbinisim.app; sourceTree = BUILT_PRODUCTS_DIR; };
		A990F09D2AC9DE5C00909EBA /* japanesekonbinisimApp.swift */ = {isa = PBXFileReference; lastKnownFileType = sourcecode.swift; path = japanesekonbinisimApp.swift; sourceTree = "<group>"; };
		A990F09F2AC9DE5C00909EBA /* ContentView.swift */ = {isa = PBXFileReference; lastKnownFileType = sourcecode.swift; path = ContentView.swift; sourceTree = "<group>"; };
		A990F0A12AC9DE5E00909EBA /* Assets.xcassets */ = {isa = PBXFileReference; lastKnownFileType = folder.assetcatalog; path = Assets.xcassets; sourceTree = "<group>"; };
		A990F0A42AC9DE5E00909EBA /* Preview Assets.xcassets */ = {isa = PBXFileReference; lastKnownFileType = folder.assetcatalog; path = "Preview Assets.xcassets"; sourceTree = "<group>"; };
		A990F0AA2AC9DE5E00909EBA /* japanesekonbinisimTests.xctest */ = {isa = PBXFileReference; explicitFileType = wrapper.cfbundle; includeInIndex = 0; path = japanesekonbinisimTests.xctest; sourceTree = BUILT_PRODUCTS_DIR; };
		A990F0B42AC9DE5E00909EBA /* japanesekonbinisimUITests.xctest */ = {isa = PBXFileReference; explicitFileType = wrapper.cfbundle; includeInIndex = 0; path = japanesekonbinisimUITests.xctest; sourceTree = BUILT_PRODUCTS_DIR; };
		A990F0C72AD1F8AA00909EBA /* prompts.swift */ = {isa = PBXFileReference; lastKnownFileType = sourcecode.swift; path = prompts.swift; sourceTree = "<group>"; };
		A990F0CF2AD2231600909EBA /* SimResult.swift */ = {isa = PBXFileReference; lastKnownFileType = sourcecode.swift; path = SimResult.swift; sourceTree = "<group>"; };
		A990F0D62ADB28F800909EBA /* SimResultsView.swift */ = {isa = PBXFileReference; lastKnownFileType = sourcecode.swift; path = SimResultsView.swift; sourceTree = "<group>"; };
		A9AB23552AED78C40087507D /* README.md */ = {isa = PBXFileReference; lastKnownFileType = net.daringfireball.markdown; path = README.md; sourceTree = "<group>"; };
		A9AB23562AED7CE20087507D /* MIT-LICENSE.txt */ = {isa = PBXFileReference; lastKnownFileType = text; path = "MIT-LICENSE.txt"; sourceTree = "<group>"; };
		A9BBBE1B2ADB4DD4001C0641 /* PreviewSimResults.swift */ = {isa = PBXFileReference; lastKnownFileType = sourcecode.swift; path = PreviewSimResults.swift; sourceTree = "<group>"; };
		A9BBBE1D2ADC4E1C001C0641 /* DisplayResultView.swift */ = {isa = PBXFileReference; lastKnownFileType = sourcecode.swift; path = DisplayResultView.swift; sourceTree = "<group>"; };
		A9BBBE1F2ADC6AC4001C0641 /* GameView.swift */ = {isa = PBXFileReference; fileEncoding = 4; lastKnownFileType = sourcecode.swift; path = GameView.swift; sourceTree = "<group>"; };
/* End PBXFileReference section */

/* Begin PBXFrameworksBuildPhase section */
		A990F0972AC9DE5C00909EBA /* Frameworks */ = {
			isa = PBXFrameworksBuildPhase;
			buildActionMask = 2147483647;
			files = (
			);
			runOnlyForDeploymentPostprocessing = 0;
		};
		A990F0A72AC9DE5E00909EBA /* Frameworks */ = {
			isa = PBXFrameworksBuildPhase;
			buildActionMask = 2147483647;
			files = (
			);
			runOnlyForDeploymentPostprocessing = 0;
		};
		A990F0B12AC9DE5E00909EBA /* Frameworks */ = {
			isa = PBXFrameworksBuildPhase;
			buildActionMask = 2147483647;
			files = (
			);
			runOnlyForDeploymentPostprocessing = 0;
		};
/* End PBXFrameworksBuildPhase section */

/* Begin PBXGroup section */
		A990F0912AC9DE5C00909EBA = {
			isa = PBXGroup;
			children = (
				A9AB23562AED7CE20087507D /* MIT-LICENSE.txt */,
				A9AB23552AED78C40087507D /* README.md */,
				A990F09C2AC9DE5C00909EBA /* japanesekonbinisim */,
				A990F09B2AC9DE5C00909EBA /* Products */,
			);
			sourceTree = "<group>";
		};
		A990F09B2AC9DE5C00909EBA /* Products */ = {
			isa = PBXGroup;
			children = (
				A990F09A2AC9DE5C00909EBA /* japanesekonbinisim.app */,
				A990F0AA2AC9DE5E00909EBA /* japanesekonbinisimTests.xctest */,
				A990F0B42AC9DE5E00909EBA /* japanesekonbinisimUITests.xctest */,
			);
			name = Products;
			sourceTree = "<group>";
		};
		A990F09C2AC9DE5C00909EBA /* japanesekonbinisim */ = {
			isa = PBXGroup;
			children = (
				A9BBBE212ADC6E40001C0641 /* Services */,
				A9BBBE1A2ADB4D96001C0641 /* Support */,
				A990F0D32ADB281A00909EBA /* Model */,
				A990F0D22ADB27AF00909EBA /* Views */,
				A990F0CE2AD221B600909EBA /* Resources */,
				A990F09D2AC9DE5C00909EBA /* japanesekonbinisimApp.swift */,
				A990F0A32AC9DE5E00909EBA /* Preview Content */,
			);
			path = japanesekonbinisim;
			sourceTree = "<group>";
		};
		A990F0A32AC9DE5E00909EBA /* Preview Content */ = {
			isa = PBXGroup;
			children = (
				A990F0A42AC9DE5E00909EBA /* Preview Assets.xcassets */,
			);
			path = "Preview Content";
			sourceTree = "<group>";
		};
		A990F0CE2AD221B600909EBA /* Resources */ = {
			isa = PBXGroup;
			children = (
				A990F0A12AC9DE5E00909EBA /* Assets.xcassets */,
			);
			path = Resources;
			sourceTree = "<group>";
		};
		A990F0D22ADB27AF00909EBA /* Views */ = {
			isa = PBXGroup;
			children = (
				A990F0D62ADB28F800909EBA /* SimResultsView.swift */,
				A990F09F2AC9DE5C00909EBA /* ContentView.swift */,
				A9BBBE1F2ADC6AC4001C0641 /* GameView.swift */,
				A9BBBE1D2ADC4E1C001C0641 /* DisplayResultView.swift */,
			);
			path = Views;
			sourceTree = "<group>";
		};
		A990F0D32ADB281A00909EBA /* Model */ = {
			isa = PBXGroup;
			children = (
				A990F0CF2AD2231600909EBA /* SimResult.swift */,
			);
			path = Model;
			sourceTree = "<group>";
		};
		A9BBBE1A2ADB4D96001C0641 /* Support */ = {
			isa = PBXGroup;
			children = (
				A9BBBE1B2ADB4DD4001C0641 /* PreviewSimResults.swift */,
			);
			path = Support;
			sourceTree = "<group>";
		};
		A9BBBE212ADC6E40001C0641 /* Services */ = {
			isa = PBXGroup;
			children = (
				A990F0C72AD1F8AA00909EBA /* prompts.swift */,
				A97E35F32AE46EB400F25744 /* voice.swift */,
			);
			path = Services;
			sourceTree = "<group>";
		};
/* End PBXGroup section */

/* Begin PBXNativeTarget section */
		A990F0992AC9DE5C00909EBA /* japanesekonbinisim */ = {
			isa = PBXNativeTarget;
			buildConfigurationList = A990F0BE2AC9DE5E00909EBA /* Build configuration list for PBXNativeTarget "japanesekonbinisim" */;
			buildPhases = (
				A990F0962AC9DE5C00909EBA /* Sources */,
				A990F0972AC9DE5C00909EBA /* Frameworks */,
				A990F0982AC9DE5C00909EBA /* Resources */,
			);
			buildRules = (
			);
			dependencies = (
			);
			name = japanesekonbinisim;
			productName = japanesekonbinisim;
			productReference = A990F09A2AC9DE5C00909EBA /* japanesekonbinisim.app */;
			productType = "com.apple.product-type.application";
		};
		A990F0A92AC9DE5E00909EBA /* japanesekonbinisimTests */ = {
			isa = PBXNativeTarget;
			buildConfigurationList = A990F0C12AC9DE5E00909EBA /* Build configuration list for PBXNativeTarget "japanesekonbinisimTests" */;
			buildPhases = (
				A990F0A62AC9DE5E00909EBA /* Sources */,
				A990F0A72AC9DE5E00909EBA /* Frameworks */,
				A990F0A82AC9DE5E00909EBA /* Resources */,
			);
			buildRules = (
			);
			dependencies = (
				A990F0AC2AC9DE5E00909EBA /* PBXTargetDependency */,
			);
			name = japanesekonbinisimTests;
			productName = japanesekonbinisimTests;
			productReference = A990F0AA2AC9DE5E00909EBA /* japanesekonbinisimTests.xctest */;
			productType = "com.apple.product-type.bundle.unit-test";
		};
		A990F0B32AC9DE5E00909EBA /* japanesekonbinisimUITests */ = {
			isa = PBXNativeTarget;
			buildConfigurationList = A990F0C42AC9DE5E00909EBA /* Build configuration list for PBXNativeTarget "japanesekonbinisimUITests" */;
			buildPhases = (
				A990F0B02AC9DE5E00909EBA /* Sources */,
				A990F0B12AC9DE5E00909EBA /* Frameworks */,
				A990F0B22AC9DE5E00909EBA /* Resources */,
			);
			buildRules = (
			);
			dependencies = (
				A990F0B62AC9DE5E00909EBA /* PBXTargetDependency */,
			);
			name = japanesekonbinisimUITests;
			productName = japanesekonbinisimUITests;
			productReference = A990F0B42AC9DE5E00909EBA /* japanesekonbinisimUITests.xctest */;
			productType = "com.apple.product-type.bundle.ui-testing";
		};
/* End PBXNativeTarget section */

/* Begin PBXProject section */
		A990F0922AC9DE5C00909EBA /* Project object */ = {
			isa = PBXProject;
			attributes = {
				BuildIndependentTargetsInParallel = 1;
				LastSwiftUpdateCheck = 1500;
				LastUpgradeCheck = 1500;
				TargetAttributes = {
					A990F0992AC9DE5C00909EBA = {
						CreatedOnToolsVersion = 15.0;
					};
					A990F0A92AC9DE5E00909EBA = {
						CreatedOnToolsVersion = 15.0;
						TestTargetID = A990F0992AC9DE5C00909EBA;
					};
					A990F0B32AC9DE5E00909EBA = {
						CreatedOnToolsVersion = 15.0;
						TestTargetID = A990F0992AC9DE5C00909EBA;
					};
				};
			};
			buildConfigurationList = A990F0952AC9DE5C00909EBA /* Build configuration list for PBXProject "japanesekonbinisim" */;
			compatibilityVersion = "Xcode 14.0";
			developmentRegion = en;
			hasScannedForEncodings = 0;
			knownRegions = (
				en,
				Base,
			);
			mainGroup = A990F0912AC9DE5C00909EBA;
			productRefGroup = A990F09B2AC9DE5C00909EBA /* Products */;
			projectDirPath = "";
			projectRoot = "";
			targets = (
				A990F0992AC9DE5C00909EBA /* japanesekonbinisim */,
				A990F0A92AC9DE5E00909EBA /* japanesekonbinisimTests */,
				A990F0B32AC9DE5E00909EBA /* japanesekonbinisimUITests */,
			);
		};
/* End PBXProject section */

/* Begin PBXResourcesBuildPhase section */
		A990F0982AC9DE5C00909EBA /* Resources */ = {
			isa = PBXResourcesBuildPhase;
			buildActionMask = 2147483647;
			files = (
				A990F0A52AC9DE5E00909EBA /* Preview Assets.xcassets in Resources */,
				A990F0A22AC9DE5E00909EBA /* Assets.xcassets in Resources */,
			);
			runOnlyForDeploymentPostprocessing = 0;
		};
		A990F0A82AC9DE5E00909EBA /* Resources */ = {
			isa = PBXResourcesBuildPhase;
			buildActionMask = 2147483647;
			files = (
			);
			runOnlyForDeploymentPostprocessing = 0;
		};
		A990F0B22AC9DE5E00909EBA /* Resources */ = {
			isa = PBXResourcesBuildPhase;
			buildActionMask = 2147483647;
			files = (
			);
			runOnlyForDeploymentPostprocessing = 0;
		};
/* End PBXResourcesBuildPhase section */

/* Begin PBXSourcesBuildPhase section */
		A990F0962AC9DE5C00909EBA /* Sources */ = {
			isa = PBXSourcesBuildPhase;
			buildActionMask = 2147483647;
			files = (
				A990F0A02AC9DE5C00909EBA /* ContentView.swift in Sources */,
				A9BBBE1C2ADB4DD4001C0641 /* PreviewSimResults.swift in Sources */,
				A990F09E2AC9DE5C00909EBA /* japanesekonbinisimApp.swift in Sources */,
				A990F0D72ADB28F800909EBA /* SimResultsView.swift in Sources */,
				A97E35F42AE46EB400F25744 /* voice.swift in Sources */,
				A9BBBE1E2ADC4E1C001C0641 /* DisplayResultView.swift in Sources */,
				A990F0D52ADB288800909EBA /* SimResult.swift in Sources */,
				A9BBBE202ADC6AC4001C0641 /* GameView.swift in Sources */,
				A990F0C82AD1F8AA00909EBA /* prompts.swift in Sources */,
			);
			runOnlyForDeploymentPostprocessing = 0;
		};
		A990F0A62AC9DE5E00909EBA /* Sources */ = {
			isa = PBXSourcesBuildPhase;
			buildActionMask = 2147483647;
			files = (
			);
			runOnlyForDeploymentPostprocessing = 0;
		};
		A990F0B02AC9DE5E00909EBA /* Sources */ = {
			isa = PBXSourcesBuildPhase;
			buildActionMask = 2147483647;
			files = (
			);
			runOnlyForDeploymentPostprocessing = 0;
		};
/* End PBXSourcesBuildPhase section */

/* Begin PBXTargetDependency section */
		A990F0AC2AC9DE5E00909EBA /* PBXTargetDependency */ = {
			isa = PBXTargetDependency;
			target = A990F0992AC9DE5C00909EBA /* japanesekonbinisim */;
			targetProxy = A990F0AB2AC9DE5E00909EBA /* PBXContainerItemProxy */;
		};
		A990F0B62AC9DE5E00909EBA /* PBXTargetDependency */ = {
			isa = PBXTargetDependency;
			target = A990F0992AC9DE5C00909EBA /* japanesekonbinisim */;
			targetProxy = A990F0B52AC9DE5E00909EBA /* PBXContainerItemProxy */;
		};
/* End PBXTargetDependency section */

/* Begin XCBuildConfiguration section */
		A990F0BC2AC9DE5E00909EBA /* Debug */ = {
			isa = XCBuildConfiguration;
			buildSettings = {
				ALWAYS_SEARCH_USER_PATHS = NO;
				ASSETCATALOG_COMPILER_GENERATE_SWIFT_ASSET_SYMBOL_EXTENSIONS = YES;
				CLANG_ANALYZER_NONNULL = YES;
				CLANG_ANALYZER_NUMBER_OBJECT_CONVERSION = YES_AGGRESSIVE;
				CLANG_CXX_LANGUAGE_STANDARD = "gnu++20";
				CLANG_ENABLE_MODULES = YES;
				CLANG_ENABLE_OBJC_ARC = YES;
				CLANG_ENABLE_OBJC_WEAK = YES;
				CLANG_WARN_BLOCK_CAPTURE_AUTORELEASING = YES;
				CLANG_WARN_BOOL_CONVERSION = YES;
				CLANG_WARN_COMMA = YES;
				CLANG_WARN_CONSTANT_CONVERSION = YES;
				CLANG_WARN_DEPRECATED_OBJC_IMPLEMENTATIONS = YES;
				CLANG_WARN_DIRECT_OBJC_ISA_USAGE = YES_ERROR;
				CLANG_WARN_DOCUMENTATION_COMMENTS = YES;
				CLANG_WARN_EMPTY_BODY = YES;
				CLANG_WARN_ENUM_CONVERSION = YES;
				CLANG_WARN_INFINITE_RECURSION = YES;
				CLANG_WARN_INT_CONVERSION = YES;
				CLANG_WARN_NON_LITERAL_NULL_CONVERSION = YES;
				CLANG_WARN_OBJC_IMPLICIT_RETAIN_SELF = YES;
				CLANG_WARN_OBJC_LITERAL_CONVERSION = YES;
				CLANG_WARN_OBJC_ROOT_CLASS = YES_ERROR;
				CLANG_WARN_QUOTED_INCLUDE_IN_FRAMEWORK_HEADER = YES;
				CLANG_WARN_RANGE_LOOP_ANALYSIS = YES;
				CLANG_WARN_STRICT_PROTOTYPES = YES;
				CLANG_WARN_SUSPICIOUS_MOVE = YES;
				CLANG_WARN_UNGUARDED_AVAILABILITY = YES_AGGRESSIVE;
				CLANG_WARN_UNREACHABLE_CODE = YES;
				CLANG_WARN__DUPLICATE_METHOD_MATCH = YES;
				COPY_PHASE_STRIP = NO;
				DEBUG_INFORMATION_FORMAT = dwarf;
				ENABLE_STRICT_OBJC_MSGSEND = YES;
				ENABLE_TESTABILITY = YES;
				ENABLE_USER_SCRIPT_SANDBOXING = YES;
				GCC_C_LANGUAGE_STANDARD = gnu17;
				GCC_DYNAMIC_NO_PIC = NO;
				GCC_NO_COMMON_BLOCKS = YES;
				GCC_OPTIMIZATION_LEVEL = 0;
				GCC_PREPROCESSOR_DEFINITIONS = (
					"DEBUG=1",
					"$(inherited)",
				);
				GCC_WARN_64_TO_32_BIT_CONVERSION = YES;
				GCC_WARN_ABOUT_RETURN_TYPE = YES_ERROR;
				GCC_WARN_UNDECLARED_SELECTOR = YES;
				GCC_WARN_UNINITIALIZED_AUTOS = YES_AGGRESSIVE;
				GCC_WARN_UNUSED_FUNCTION = YES;
				GCC_WARN_UNUSED_VARIABLE = YES;
				IPHONEOS_DEPLOYMENT_TARGET = 17.0;
				LOCALIZATION_PREFERS_STRING_CATALOGS = YES;
				MTL_ENABLE_DEBUG_INFO = INCLUDE_SOURCE;
				MTL_FAST_MATH = YES;
				ONLY_ACTIVE_ARCH = YES;
				SDKROOT = iphoneos;
				SWIFT_ACTIVE_COMPILATION_CONDITIONS = "DEBUG $(inherited)";
				SWIFT_OPTIMIZATION_LEVEL = "-Onone";
			};
			name = Debug;
		};
		A990F0BD2AC9DE5E00909EBA /* Release */ = {
			isa = XCBuildConfiguration;
			buildSettings = {
				ALWAYS_SEARCH_USER_PATHS = NO;
				ASSETCATALOG_COMPILER_GENERATE_SWIFT_ASSET_SYMBOL_EXTENSIONS = YES;
				CLANG_ANALYZER_NONNULL = YES;
				CLANG_ANALYZER_NUMBER_OBJECT_CONVERSION = YES_AGGRESSIVE;
				CLANG_CXX_LANGUAGE_STANDARD = "gnu++20";
				CLANG_ENABLE_MODULES = YES;
				CLANG_ENABLE_OBJC_ARC = YES;
				CLANG_ENABLE_OBJC_WEAK = YES;
				CLANG_WARN_BLOCK_CAPTURE_AUTORELEASING = YES;
				CLANG_WARN_BOOL_CONVERSION = YES;
				CLANG_WARN_COMMA = YES;
				CLANG_WARN_CONSTANT_CONVERSION = YES;
				CLANG_WARN_DEPRECATED_OBJC_IMPLEMENTATIONS = YES;
				CLANG_WARN_DIRECT_OBJC_ISA_USAGE = YES_ERROR;
				CLANG_WARN_DOCUMENTATION_COMMENTS = YES;
				CLANG_WARN_EMPTY_BODY = YES;
				CLANG_WARN_ENUM_CONVERSION = YES;
				CLANG_WARN_INFINITE_RECURSION = YES;
				CLANG_WARN_INT_CONVERSION = YES;
				CLANG_WARN_NON_LITERAL_NULL_CONVERSION = YES;
				CLANG_WARN_OBJC_IMPLICIT_RETAIN_SELF = YES;
				CLANG_WARN_OBJC_LITERAL_CONVERSION = YES;
				CLANG_WARN_OBJC_ROOT_CLASS = YES_ERROR;
				CLANG_WARN_QUOTED_INCLUDE_IN_FRAMEWORK_HEADER = YES;
				CLANG_WARN_RANGE_LOOP_ANALYSIS = YES;
				CLANG_WARN_STRICT_PROTOTYPES = YES;
				CLANG_WARN_SUSPICIOUS_MOVE = YES;
				CLANG_WARN_UNGUARDED_AVAILABILITY = YES_AGGRESSIVE;
				CLANG_WARN_UNREACHABLE_CODE = YES;
				CLANG_WARN__DUPLICATE_METHOD_MATCH = YES;
				COPY_PHASE_STRIP = NO;
				DEBUG_INFORMATION_FORMAT = "dwarf-with-dsym";
				ENABLE_NS_ASSERTIONS = NO;
				ENABLE_STRICT_OBJC_MSGSEND = YES;
				ENABLE_USER_SCRIPT_SANDBOXING = YES;
				GCC_C_LANGUAGE_STANDARD = gnu17;
				GCC_NO_COMMON_BLOCKS = YES;
				GCC_WARN_64_TO_32_BIT_CONVERSION = YES;
				GCC_WARN_ABOUT_RETURN_TYPE = YES_ERROR;
				GCC_WARN_UNDECLARED_SELECTOR = YES;
				GCC_WARN_UNINITIALIZED_AUTOS = YES_AGGRESSIVE;
				GCC_WARN_UNUSED_FUNCTION = YES;
				GCC_WARN_UNUSED_VARIABLE = YES;
				IPHONEOS_DEPLOYMENT_TARGET = 17.0;
				LOCALIZATION_PREFERS_STRING_CATALOGS = YES;
				MTL_ENABLE_DEBUG_INFO = NO;
				MTL_FAST_MATH = YES;
				SDKROOT = iphoneos;
				SWIFT_COMPILATION_MODE = wholemodule;
				VALIDATE_PRODUCT = YES;
			};
			name = Release;
		};
		A990F0BF2AC9DE5E00909EBA /* Debug */ = {
			isa = XCBuildConfiguration;
			buildSettings = {
				ASSETCATALOG_COMPILER_APPICON_NAME = AppIcon;
				ASSETCATALOG_COMPILER_GLOBAL_ACCENT_COLOR_NAME = AccentColor;
				CODE_SIGN_STYLE = Automatic;
				CURRENT_PROJECT_VERSION = 1;
				DEVELOPMENT_ASSET_PATHS = "\"japanesekonbinisim/Preview Content\"";
				DEVELOPMENT_TEAM = 56N563B964;
				ENABLE_PREVIEWS = YES;
				GENERATE_INFOPLIST_FILE = YES;
				INFOPLIST_KEY_UIApplicationSceneManifest_Generation = YES;
				INFOPLIST_KEY_UIApplicationSupportsIndirectInputEvents = YES;
				INFOPLIST_KEY_UILaunchScreen_Generation = YES;
				INFOPLIST_KEY_UISupportedInterfaceOrientations_iPad = "UIInterfaceOrientationPortrait UIInterfaceOrientationPortraitUpsideDown UIInterfaceOrientationLandscapeLeft UIInterfaceOrientationLandscapeRight";
				INFOPLIST_KEY_UISupportedInterfaceOrientations_iPhone = "UIInterfaceOrientationPortrait UIInterfaceOrientationLandscapeLeft UIInterfaceOrientationLandscapeRight";
				LD_RUNPATH_SEARCH_PATHS = (
					"$(inherited)",
					"@executable_path/Frameworks",
				);
				MARKETING_VERSION = 1.0;
				PRODUCT_BUNDLE_IDENTIFIER = com.remjliu.japanesekonbinisim;
				PRODUCT_NAME = "$(TARGET_NAME)";
				SWIFT_EMIT_LOC_STRINGS = YES;
				SWIFT_VERSION = 5.0;
				TARGETED_DEVICE_FAMILY = "1,2";
			};
			name = Debug;
		};
		A990F0C02AC9DE5E00909EBA /* Release */ = {
			isa = XCBuildConfiguration;
			buildSettings = {
				ASSETCATALOG_COMPILER_APPICON_NAME = AppIcon;
				ASSETCATALOG_COMPILER_GLOBAL_ACCENT_COLOR_NAME = AccentColor;
				CODE_SIGN_STYLE = Automatic;
				CURRENT_PROJECT_VERSION = 1;
				DEVELOPMENT_ASSET_PATHS = "\"japanesekonbinisim/Preview Content\"";
				DEVELOPMENT_TEAM = 56N563B964;
				ENABLE_PREVIEWS = YES;
				GENERATE_INFOPLIST_FILE = YES;
				INFOPLIST_KEY_UIApplicationSceneManifest_Generation = YES;
				INFOPLIST_KEY_UIApplicationSupportsIndirectInputEvents = YES;
				INFOPLIST_KEY_UILaunchScreen_Generation = YES;
				INFOPLIST_KEY_UISupportedInterfaceOrientations_iPad = "UIInterfaceOrientationPortrait UIInterfaceOrientationPortraitUpsideDown UIInterfaceOrientationLandscapeLeft UIInterfaceOrientationLandscapeRight";
				INFOPLIST_KEY_UISupportedInterfaceOrientations_iPhone = "UIInterfaceOrientationPortrait UIInterfaceOrientationLandscapeLeft UIInterfaceOrientationLandscapeRight";
				LD_RUNPATH_SEARCH_PATHS = (
					"$(inherited)",
					"@executable_path/Frameworks",
				);
				MARKETING_VERSION = 1.0;
				PRODUCT_BUNDLE_IDENTIFIER = com.remjliu.japanesekonbinisim;
				PRODUCT_NAME = "$(TARGET_NAME)";
				SWIFT_EMIT_LOC_STRINGS = YES;
				SWIFT_VERSION = 5.0;
				TARGETED_DEVICE_FAMILY = "1,2";
			};
			name = Release;
		};
		A990F0C22AC9DE5E00909EBA /* Debug */ = {
			isa = XCBuildConfiguration;
			buildSettings = {
				ALWAYS_EMBED_SWIFT_STANDARD_LIBRARIES = YES;
				BUNDLE_LOADER = "$(TEST_HOST)";
				CODE_SIGN_STYLE = Automatic;
				CURRENT_PROJECT_VERSION = 1;
				GENERATE_INFOPLIST_FILE = YES;
				IPHONEOS_DEPLOYMENT_TARGET = 17.0;
				MARKETING_VERSION = 1.0;
				PRODUCT_BUNDLE_IDENTIFIER = com.remjliu.japanesekonbinisimTests;
				PRODUCT_NAME = "$(TARGET_NAME)";
				SWIFT_EMIT_LOC_STRINGS = NO;
				SWIFT_VERSION = 5.0;
				TARGETED_DEVICE_FAMILY = "1,2";
				TEST_HOST = "$(BUILT_PRODUCTS_DIR)/japanesekonbinisim.app/$(BUNDLE_EXECUTABLE_FOLDER_PATH)/japanesekonbinisim";
			};
			name = Debug;
		};
		A990F0C32AC9DE5E00909EBA /* Release */ = {
			isa = XCBuildConfiguration;
			buildSettings = {
				ALWAYS_EMBED_SWIFT_STANDARD_LIBRARIES = YES;
				BUNDLE_LOADER = "$(TEST_HOST)";
				CODE_SIGN_STYLE = Automatic;
				CURRENT_PROJECT_VERSION = 1;
				GENERATE_INFOPLIST_FILE = YES;
				IPHONEOS_DEPLOYMENT_TARGET = 17.0;
				MARKETING_VERSION = 1.0;
				PRODUCT_BUNDLE_IDENTIFIER = com.remjliu.japanesekonbinisimTests;
				PRODUCT_NAME = "$(TARGET_NAME)";
				SWIFT_EMIT_LOC_STRINGS = NO;
				SWIFT_VERSION = 5.0;
				TARGETED_DEVICE_FAMILY = "1,2";
				TEST_HOST = "$(BUILT_PRODUCTS_DIR)/japanesekonbinisim.app/$(BUNDLE_EXECUTABLE_FOLDER_PATH)/japanesekonbinisim";
			};
			name = Release;
		};
		A990F0C52AC9DE5E00909EBA /* Debug */ = {
			isa = XCBuildConfiguration;
			buildSettings = {
				ALWAYS_EMBED_SWIFT_STANDARD_LIBRARIES = YES;
				CODE_SIGN_STYLE = Automatic;
				CURRENT_PROJECT_VERSION = 1;
				GENERATE_INFOPLIST_FILE = YES;
				MARKETING_VERSION = 1.0;
				PRODUCT_BUNDLE_IDENTIFIER = com.remjliu.japanesekonbinisimUITests;
				PRODUCT_NAME = "$(TARGET_NAME)";
				SWIFT_EMIT_LOC_STRINGS = NO;
				SWIFT_VERSION = 5.0;
				TARGETED_DEVICE_FAMILY = "1,2";
				TEST_TARGET_NAME = japanesekonbinisim;
			};
			name = Debug;
		};
		A990F0C62AC9DE5E00909EBA /* Release */ = {
			isa = XCBuildConfiguration;
			buildSettings = {
				ALWAYS_EMBED_SWIFT_STANDARD_LIBRARIES = YES;
				CODE_SIGN_STYLE = Automatic;
				CURRENT_PROJECT_VERSION = 1;
				GENERATE_INFOPLIST_FILE = YES;
				MARKETING_VERSION = 1.0;
				PRODUCT_BUNDLE_IDENTIFIER = com.remjliu.japanesekonbinisimUITests;
				PRODUCT_NAME = "$(TARGET_NAME)";
				SWIFT_EMIT_LOC_STRINGS = NO;
				SWIFT_VERSION = 5.0;
				TARGETED_DEVICE_FAMILY = "1,2";
				TEST_TARGET_NAME = japanesekonbinisim;
			};
			name = Release;
		};
/* End XCBuildConfiguration section */

/* Begin XCConfigurationList section */
		A990F0952AC9DE5C00909EBA /* Build configuration list for PBXProject "japanesekonbinisim" */ = {
			isa = XCConfigurationList;
			buildConfigurations = (
				A990F0BC2AC9DE5E00909EBA /* Debug */,
				A990F0BD2AC9DE5E00909EBA /* Release */,
			);
			defaultConfigurationIsVisible = 0;
			defaultConfigurationName = Release;
		};
		A990F0BE2AC9DE5E00909EBA /* Build configuration list for PBXNativeTarget "japanesekonbinisim" */ = {
			isa = XCConfigurationList;
			buildConfigurations = (
				A990F0BF2AC9DE5E00909EBA /* Debug */,
				A990F0C02AC9DE5E00909EBA /* Release */,
			);
			defaultConfigurationIsVisible = 0;
			defaultConfigurationName = Release;
		};
		A990F0C12AC9DE5E00909EBA /* Build configuration list for PBXNativeTarget "japanesekonbinisimTests" */ = {
			isa = XCConfigurationList;
			buildConfigurations = (
				A990F0C22AC9DE5E00909EBA /* Debug */,
				A990F0C32AC9DE5E00909EBA /* Release */,
			);
			defaultConfigurationIsVisible = 0;
			defaultConfigurationName = Release;
		};
		A990F0C42AC9DE5E00909EBA /* Build configuration list for PBXNativeTarget "japanesekonbinisimUITests" */ = {
			isa = XCConfigurationList;
			buildConfigurations = (
				A990F0C52AC9DE5E00909EBA /* Debug */,
				A990F0C62AC9DE5E00909EBA /* Release */,
			);
			defaultConfigurationIsVisible = 0;
			defaultConfigurationName = Release;
		};
/* End XCConfigurationList section */
	};
	rootObject = A990F0922AC9DE5C00909EBA /* Project object */;
}
